
Microsoft Visual Studio Solution File, Format Version 12.00
# Visual Studio Version 16
VisualStudioVersion = 16.0.29911.84
MinimumVisualStudioVersion = 10.0.40219.1
Project("{FAE04EC0-301F-11D3-BF4B-00C04F79EFBC}") = "SJeMESClient", "SJeMESClient.csproj", "{B9AA6A7F-0E6B-4AB6-AE3F-8E78AF4FE060}"
EndProject
Project("{FAE04EC0-301F-11D3-BF4B-00C04F79EFBC}") = "SJeMES_Control_Library", "..\SJeMES_Control_Library\SJeMES_Control_Library.csproj", "{6F45DC55-17D1-4409-AC39-F73D789B078D}"
EndProject
Project("{FAE04EC0-301F-11D3-BF4B-00C04F79EFBC}") = "SJeMES_Framework", "..\SJeMES_Framework\SJeMES_Framework.csproj", "{6A483C7A-92E1-4A65-A5FD-ECB5F4930373}"
EndProject
Project("{FAE04EC0-301F-11D3-BF4B-00C04F79EFBC}") = "SJeMES", "..\SJeMES\SJeMES.csproj", "{9C64237C-09B0-426B-97BF-81BB3B074024}"
EndProject
Project("{FAE04EC0-301F-11D3-BF4B-00C04F79EFBC}") = "SJeMES_User", "..\SJeMES_User\SJeMES_User.csproj", "{46366CDD-26D8-449B-9D30-727945219606}"
EndProject
Project("{FAE04EC0-301F-11D3-BF4B-00C04F79EFBC}") = "SJEMS_QX", "..\SJEMS_QX\SJEMS_QX.csproj", "{85E07F1B-950A-4C32-B7F9-574F28ACC0AC}"
EndProject
Project("{FAE04EC0-301F-11D3-BF4B-00C04F79EFBC}") = "SJeMESSystemTools", "..\SJeMESSystemTools\SJeMESSystemTools.csproj", "{0BC3514D-BB46-4236-82C4-86D3EE053C2F}"
EndProject
Project("{FAE04EC0-301F-11D3-BF4B-00C04F79EFBC}") = "GDSJ_Framework", "..\GDSJ_Framework\GDSJ_Framework.csproj", "{AE982EFC-40D6-4A74-8FDD-BEFA8BD4E4AE}"
EndProject
Project("{FAE04EC0-301F-11D3-BF4B-00C04F79EFBC}") = "AQS-PEP-APE-101", "..\AQS-PEP-APE-101\AQS-PEP-APE-101.csproj", "{2E53CE4A-047B-437F-897A-BF05B50DEE29}"
EndProject
Project("{FAE04EC0-301F-11D3-BF4B-00C04F79EFBC}") = "SJeMES_BDM", "..\SJeMES_BDM\SJeMES_BDM.csproj", "{8B0EF8F9-5E44-4AC2-903D-6EFC68226AD9}"
EndProject
Project("{FAE04EC0-301F-11D3-BF4B-00C04F79EFBC}") = "SJeMES_QCM", "..\SJeMES_QCM\SJeMES_QCM.csproj", "{0DDADCC0-5664-4CA3-B783-7A36310B29C0}"
EndProject
Project("{FAE04EC0-301F-11D3-BF4B-00C04F79EFBC}") = "SJeMES_QCM_Inspection", "..\SJeMES_QCM_Inspection\SJeMES_QCM_Inspection.csproj", "{0B0B0121-CBE8-4F29-993A-260101546E7D}"
EndProject
Project("{FAE04EC0-301F-11D3-BF4B-00C04F79EFBC}") = "SJeMES_QCM_KanBan", "..\SJeMES_QCM_KanBan\SJeMES_QCM_KanBan.csproj", "{4A1FA238-2D08-4ADC-B2F1-427AF81C57BD}"
EndProject
Project("{FAE04EC0-301F-11D3-BF4B-00C04F79EFBC}") = "SJeMES_IQC", "..\SJeMES_IQC\SJeMES_IQC.csproj", "{E96B9303-0516-4295-87AF-EBE4CD0E41EC}"
EndProject
Project("{FAE04EC0-301F-11D3-BF4B-00C04F79EFBC}") = "SJeMES_QCM_Ex", "..\SJeMES_QCM_Ex\SJeMES_QCM_Ex.csproj", "{927FD119-8E64-45E8-A4E1-1A3D963E5533}"
EndProject
Project("{FAE04EC0-301F-11D3-BF4B-00C04F79EFBC}") = "SJeMES_Report", "..\SJeMES_Report\SJeMES_Report.csproj", "{1A2944B0-C115-4084-881E-F3B16C254B34}"
EndProject
Project("{FAE04EC0-301F-11D3-BF4B-00C04F79EFBC}") = "SJeMES_Shared_Form", "..\SJeMES_Shared_Form\SJeMES_Shared_Form.csproj", "{830BBF02-8082-46E0-890D-819959657504}"
EndProject
Project("{FAE04EC0-301F-11D3-BF4B-00C04F79EFBC}") = "SJeMES_ZL_KanBan", "..\SJeMES_ZL_KanBan\SJeMES_ZL_KanBan.csproj", "{8BD59E33-CD82-49AB-8099-49A765957E86}"
EndProject
Project("{FAE04EC0-301F-11D3-BF4B-00C04F79EFBC}") = "SJeMES_TQC", "..\SJeMES_TQC\SJeMES_TQC.csproj", "{D3E244D9-74EB-4795-8ABF-5556A60AAF34}"
EndProject
Project("{FAE04EC0-301F-11D3-BF4B-00C04F79EFBC}") = "SJeMES_AQL", "..\SJeMES_AQL\SJeMES_AQL.csproj", "{921144AA-4888-4260-8A3C-EEE68E2FC757}"
EndProject
Project("{FAE04EC0-301F-11D3-BF4B-00C04F79EFBC}") = "SJeMES_QA", "..\SJeMES_QA\SJeMES_QA.csproj", "{05D8899C-D5FD-4155-914F-3744F5A21AD5}"
EndProject
Project("{FAE04EC0-301F-11D3-BF4B-00C04F79EFBC}") = "Quality_Bonus_Evaluation", "..\Quality_Bonus_Evaluation\Quality_Bonus_Evaluation.csproj", "{33CDA81D-288B-4182-B39C-BBF2D3A0EF51}"
EndProject
Project("{FAE04EC0-301F-11D3-BF4B-00C04F79EFBC}") = "Production_Material_Issue", "..\Production_Material_Issue\Production_Material_Issue.csproj", "{052EA4B5-162C-4B87-9B52-C155D7AF329F}"
EndProject
Project("{FAE04EC0-301F-11D3-BF4B-00C04F79EFBC}") = "SJeMES_TSM", "..\SJeMES_TSM\SJeMES_TSM.csproj", "{88A74484-C884-452F-A9E1-AB1B73BD700B}"
EndProject
Project("{FAE04EC0-301F-11D3-BF4B-00C04F79EFBC}") = "AEQS_P88_Tool", "..\AEQS_P88_Tool\AEQS_P88_Tool.csproj", "{8E423A83-5543-4B90-8E53-B3C787C3B542}"
EndProject
Project("{FAE04EC0-301F-11D3-BF4B-00C04F79EFBC}") = "SJeMES_SM", "..\SJeMES_SM\SJeMES_SM.csproj", "{428E982A-E865-463B-9278-1CBC12045733}"
EndProject
Project("{FAE04EC0-301F-11D3-BF4B-00C04F79EFBC}") = "KaizenForm", "..\KaizenForm\KaizenForm.csproj", "{5D5C529F-CAE5-4A13-A9AE-A7E182DBDB5B}"
EndProject
Project("{FAE04EC0-301F-11D3-BF4B-00C04F79EFBC}") = "Sterilization_Alert", "..\Sterilization_Alert\Sterilization_Alert.csproj", "{30E3CECC-E978-4C94-8F84-C53E2A3BBEAA}"
EndProject
Global
	GlobalSection(SolutionConfigurationPlatforms) = preSolution
		Debug|Any CPU = Debug|Any CPU
		Debug|x64 = Debug|x64
		Debug|x86 = Debug|x86
		Release|Any CPU = Release|Any CPU
		Release|x64 = Release|x64
		Release|x86 = Release|x86
	EndGlobalSection
	GlobalSection(ProjectConfigurationPlatforms) = postSolution
		{B9AA6A7F-0E6B-4AB6-AE3F-8E78AF4FE060}.Debug|Any CPU.ActiveCfg = Debug|Any CPU
		{B9AA6A7F-0E6B-4AB6-AE3F-8E78AF4FE060}.Debug|Any CPU.Build.0 = Debug|Any CPU
		{B9AA6A7F-0E6B-4AB6-AE3F-8E78AF4FE060}.Debug|x64.ActiveCfg = Debug|Any CPU
		{B9AA6A7F-0E6B-4AB6-AE3F-8E78AF4FE060}.Debug|x64.Build.0 = Debug|Any CPU
		{B9AA6A7F-0E6B-4AB6-AE3F-8E78AF4FE060}.Debug|x86.ActiveCfg = Debug|Any CPU
		{B9AA6A7F-0E6B-4AB6-AE3F-8E78AF4FE060}.Debug|x86.Build.0 = Debug|Any CPU
		{B9AA6A7F-0E6B-4AB6-AE3F-8E78AF4FE060}.Release|Any CPU.ActiveCfg = Release|Any CPU
		{B9AA6A7F-0E6B-4AB6-AE3F-8E78AF4FE060}.Release|Any CPU.Build.0 = Release|Any CPU
		{B9AA6A7F-0E6B-4AB6-AE3F-8E78AF4FE060}.Release|x64.ActiveCfg = Release|Any CPU
		{B9AA6A7F-0E6B-4AB6-AE3F-8E78AF4FE060}.Release|x64.Build.0 = Release|Any CPU
		{B9AA6A7F-0E6B-4AB6-AE3F-8E78AF4FE060}.Release|x86.ActiveCfg = Release|Any CPU
		{B9AA6A7F-0E6B-4AB6-AE3F-8E78AF4FE060}.Release|x86.Build.0 = Release|Any CPU
		{6F45DC55-17D1-4409-AC39-F73D789B078D}.Debug|Any CPU.ActiveCfg = Debug|Any CPU
		{6F45DC55-17D1-4409-AC39-F73D789B078D}.Debug|Any CPU.Build.0 = Debug|Any CPU
		{6F45DC55-17D1-4409-AC39-F73D789B078D}.Debug|x64.ActiveCfg = Debug|Any CPU
		{6F45DC55-17D1-4409-AC39-F73D789B078D}.Debug|x64.Build.0 = Debug|Any CPU
		{6F45DC55-17D1-4409-AC39-F73D789B078D}.Debug|x86.ActiveCfg = Debug|Any CPU
		{6F45DC55-17D1-4409-AC39-F73D789B078D}.Debug|x86.Build.0 = Debug|Any CPU
		{6F45DC55-17D1-4409-AC39-F73D789B078D}.Release|Any CPU.ActiveCfg = Release|Any CPU
		{6F45DC55-17D1-4409-AC39-F73D789B078D}.Release|Any CPU.Build.0 = Release|Any CPU
		{6F45DC55-17D1-4409-AC39-F73D789B078D}.Release|x64.ActiveCfg = Release|Any CPU
		{6F45DC55-17D1-4409-AC39-F73D789B078D}.Release|x64.Build.0 = Release|Any CPU
		{6F45DC55-17D1-4409-AC39-F73D789B078D}.Release|x86.ActiveCfg = Release|Any CPU
		{6F45DC55-17D1-4409-AC39-F73D789B078D}.Release|x86.Build.0 = Release|Any CPU
		{6A483C7A-92E1-4A65-A5FD-ECB5F4930373}.Debug|Any CPU.ActiveCfg = Debug|Any CPU
		{6A483C7A-92E1-4A65-A5FD-ECB5F4930373}.Debug|Any CPU.Build.0 = Debug|Any CPU
		{6A483C7A-92E1-4A65-A5FD-ECB5F4930373}.Debug|x64.ActiveCfg = Debug|x64
		{6A483C7A-92E1-4A65-A5FD-ECB5F4930373}.Debug|x64.Build.0 = Debug|x64
		{6A483C7A-92E1-4A65-A5FD-ECB5F4930373}.Debug|x86.ActiveCfg = Debug|x86
		{6A483C7A-92E1-4A65-A5FD-ECB5F4930373}.Debug|x86.Build.0 = Debug|x86
		{6A483C7A-92E1-4A65-A5FD-ECB5F4930373}.Release|Any CPU.ActiveCfg = Release|Any CPU
		{6A483C7A-92E1-4A65-A5FD-ECB5F4930373}.Release|Any CPU.Build.0 = Release|Any CPU
		{6A483C7A-92E1-4A65-A5FD-ECB5F4930373}.Release|x64.ActiveCfg = Release|x64
		{6A483C7A-92E1-4A65-A5FD-ECB5F4930373}.Release|x64.Build.0 = Release|x64
		{6A483C7A-92E1-4A65-A5FD-ECB5F4930373}.Release|x86.ActiveCfg = Release|x86
		{6A483C7A-92E1-4A65-A5FD-ECB5F4930373}.Release|x86.Build.0 = Release|x86
		{9C64237C-09B0-426B-97BF-81BB3B074024}.Debug|Any CPU.ActiveCfg = Debug|Any CPU
		{9C64237C-09B0-426B-97BF-81BB3B074024}.Debug|Any CPU.Build.0 = Debug|Any CPU
		{9C64237C-09B0-426B-97BF-81BB3B074024}.Debug|x64.ActiveCfg = Debug|Any CPU
		{9C64237C-09B0-426B-97BF-81BB3B074024}.Debug|x64.Build.0 = Debug|Any CPU
		{9C64237C-09B0-426B-97BF-81BB3B074024}.Debug|x86.ActiveCfg = Debug|Any CPU
		{9C64237C-09B0-426B-97BF-81BB3B074024}.Debug|x86.Build.0 = Debug|Any CPU
		{9C64237C-09B0-426B-97BF-81BB3B074024}.Release|Any CPU.ActiveCfg = Release|Any CPU
		{9C64237C-09B0-426B-97BF-81BB3B074024}.Release|Any CPU.Build.0 = Release|Any CPU
		{9C64237C-09B0-426B-97BF-81BB3B074024}.Release|x64.ActiveCfg = Release|Any CPU
		{9C64237C-09B0-426B-97BF-81BB3B074024}.Release|x64.Build.0 = Release|Any CPU
		{9C64237C-09B0-426B-97BF-81BB3B074024}.Release|x86.ActiveCfg = Release|Any CPU
		{9C64237C-09B0-426B-97BF-81BB3B074024}.Release|x86.Build.0 = Release|Any CPU
		{46366CDD-26D8-449B-9D30-727945219606}.Debug|Any CPU.ActiveCfg = Debug|Any CPU
		{46366CDD-26D8-449B-9D30-727945219606}.Debug|Any CPU.Build.0 = Debug|Any CPU
		{46366CDD-26D8-449B-9D30-727945219606}.Debug|x64.ActiveCfg = Debug|Any CPU
		{46366CDD-26D8-449B-9D30-727945219606}.Debug|x64.Build.0 = Debug|Any CPU
		{46366CDD-26D8-449B-9D30-727945219606}.Debug|x86.ActiveCfg = Debug|Any CPU
		{46366CDD-26D8-449B-9D30-727945219606}.Debug|x86.Build.0 = Debug|Any CPU
		{46366CDD-26D8-449B-9D30-727945219606}.Release|Any CPU.ActiveCfg = Release|Any CPU
		{46366CDD-26D8-449B-9D30-727945219606}.Release|Any CPU.Build.0 = Release|Any CPU
		{46366CDD-26D8-449B-9D30-727945219606}.Release|x64.ActiveCfg = Release|Any CPU
		{46366CDD-26D8-449B-9D30-727945219606}.Release|x64.Build.0 = Release|Any CPU
		{46366CDD-26D8-449B-9D30-727945219606}.Release|x86.ActiveCfg = Release|Any CPU
		{46366CDD-26D8-449B-9D30-727945219606}.Release|x86.Build.0 = Release|Any CPU
		{85E07F1B-950A-4C32-B7F9-574F28ACC0AC}.Debug|Any CPU.ActiveCfg = Debug|Any CPU
		{85E07F1B-950A-4C32-B7F9-574F28ACC0AC}.Debug|Any CPU.Build.0 = Debug|Any CPU
		{85E07F1B-950A-4C32-B7F9-574F28ACC0AC}.Debug|x64.ActiveCfg = Debug|Any CPU
		{85E07F1B-950A-4C32-B7F9-574F28ACC0AC}.Debug|x64.Build.0 = Debug|Any CPU
		{85E07F1B-950A-4C32-B7F9-574F28ACC0AC}.Debug|x86.ActiveCfg = Debug|Any CPU
		{85E07F1B-950A-4C32-B7F9-574F28ACC0AC}.Debug|x86.Build.0 = Debug|Any CPU
		{85E07F1B-950A-4C32-B7F9-574F28ACC0AC}.Release|Any CPU.ActiveCfg = Release|Any CPU
		{85E07F1B-950A-4C32-B7F9-574F28ACC0AC}.Release|Any CPU.Build.0 = Release|Any CPU
		{85E07F1B-950A-4C32-B7F9-574F28ACC0AC}.Release|x64.ActiveCfg = Release|Any CPU
		{85E07F1B-950A-4C32-B7F9-574F28ACC0AC}.Release|x64.Build.0 = Release|Any CPU
		{85E07F1B-950A-4C32-B7F9-574F28ACC0AC}.Release|x86.ActiveCfg = Release|Any CPU
		{85E07F1B-950A-4C32-B7F9-574F28ACC0AC}.Release|x86.Build.0 = Release|Any CPU
		{0BC3514D-BB46-4236-82C4-86D3EE053C2F}.Debug|Any CPU.ActiveCfg = Debug|Any CPU
		{0BC3514D-BB46-4236-82C4-86D3EE053C2F}.Debug|Any CPU.Build.0 = Debug|Any CPU
		{0BC3514D-BB46-4236-82C4-86D3EE053C2F}.Debug|x64.ActiveCfg = Debug|Any CPU
		{0BC3514D-BB46-4236-82C4-86D3EE053C2F}.Debug|x64.Build.0 = Debug|Any CPU
		{0BC3514D-BB46-4236-82C4-86D3EE053C2F}.Debug|x86.ActiveCfg = Debug|Any CPU
		{0BC3514D-BB46-4236-82C4-86D3EE053C2F}.Debug|x86.Build.0 = Debug|Any CPU
		{0BC3514D-BB46-4236-82C4-86D3EE053C2F}.Release|Any CPU.ActiveCfg = Release|Any CPU
		{0BC3514D-BB46-4236-82C4-86D3EE053C2F}.Release|Any CPU.Build.0 = Release|Any CPU
		{0BC3514D-BB46-4236-82C4-86D3EE053C2F}.Release|x64.ActiveCfg = Release|Any CPU
		{0BC3514D-BB46-4236-82C4-86D3EE053C2F}.Release|x64.Build.0 = Release|Any CPU
		{0BC3514D-BB46-4236-82C4-86D3EE053C2F}.Release|x86.ActiveCfg = Release|Any CPU
		{0BC3514D-BB46-4236-82C4-86D3EE053C2F}.Release|x86.Build.0 = Release|Any CPU
		{AE982EFC-40D6-4A74-8FDD-BEFA8BD4E4AE}.Debug|Any CPU.ActiveCfg = Debug|Any CPU
		{AE982EFC-40D6-4A74-8FDD-BEFA8BD4E4AE}.Debug|Any CPU.Build.0 = Debug|Any CPU
		{AE982EFC-40D6-4A74-8FDD-BEFA8BD4E4AE}.Debug|x64.ActiveCfg = Debug|x64
		{AE982EFC-40D6-4A74-8FDD-BEFA8BD4E4AE}.Debug|x64.Build.0 = Debug|x64
		{AE982EFC-40D6-4A74-8FDD-BEFA8BD4E4AE}.Debug|x86.ActiveCfg = Debug|x86
		{AE982EFC-40D6-4A74-8FDD-BEFA8BD4E4AE}.Debug|x86.Build.0 = Debug|x86
		{AE982EFC-40D6-4A74-8FDD-BEFA8BD4E4AE}.Release|Any CPU.ActiveCfg = Release|Any CPU
		{AE982EFC-40D6-4A74-8FDD-BEFA8BD4E4AE}.Release|Any CPU.Build.0 = Release|Any CPU
		{AE982EFC-40D6-4A74-8FDD-BEFA8BD4E4AE}.Release|x64.ActiveCfg = Release|x64
		{AE982EFC-40D6-4A74-8FDD-BEFA8BD4E4AE}.Release|x64.Build.0 = Release|x64
		{AE982EFC-40D6-4A74-8FDD-BEFA8BD4E4AE}.Release|x86.ActiveCfg = Release|x86
		{AE982EFC-40D6-4A74-8FDD-BEFA8BD4E4AE}.Release|x86.Build.0 = Release|x86
		{2E53CE4A-047B-437F-897A-BF05B50DEE29}.Debug|Any CPU.ActiveCfg = Debug|Any CPU
		{2E53CE4A-047B-437F-897A-BF05B50DEE29}.Debug|Any CPU.Build.0 = Debug|Any CPU
		{2E53CE4A-047B-437F-897A-BF05B50DEE29}.Debug|x64.ActiveCfg = Debug|Any CPU
		{2E53CE4A-047B-437F-897A-BF05B50DEE29}.Debug|x64.Build.0 = Debug|Any CPU
		{2E53CE4A-047B-437F-897A-BF05B50DEE29}.Debug|x86.ActiveCfg = Debug|Any CPU
		{2E53CE4A-047B-437F-897A-BF05B50DEE29}.Debug|x86.Build.0 = Debug|Any CPU
		{2E53CE4A-047B-437F-897A-BF05B50DEE29}.Release|Any CPU.ActiveCfg = Release|Any CPU
		{2E53CE4A-047B-437F-897A-BF05B50DEE29}.Release|Any CPU.Build.0 = Release|Any CPU
		{2E53CE4A-047B-437F-897A-BF05B50DEE29}.Release|x64.ActiveCfg = Release|Any CPU
		{2E53CE4A-047B-437F-897A-BF05B50DEE29}.Release|x64.Build.0 = Release|Any CPU
		{2E53CE4A-047B-437F-897A-BF05B50DEE29}.Release|x86.ActiveCfg = Release|Any CPU
		{2E53CE4A-047B-437F-897A-BF05B50DEE29}.Release|x86.Build.0 = Release|Any CPU
		{8B0EF8F9-5E44-4AC2-903D-6EFC68226AD9}.Debug|Any CPU.ActiveCfg = Debug|x64
		{8B0EF8F9-5E44-4AC2-903D-6EFC68226AD9}.Debug|Any CPU.Build.0 = Debug|x64
		{8B0EF8F9-5E44-4AC2-903D-6EFC68226AD9}.Debug|x64.ActiveCfg = Debug|Any CPU
		{8B0EF8F9-5E44-4AC2-903D-6EFC68226AD9}.Debug|x64.Build.0 = Debug|Any CPU
		{8B0EF8F9-5E44-4AC2-903D-6EFC68226AD9}.Debug|x86.ActiveCfg = Debug|Any CPU
		{8B0EF8F9-5E44-4AC2-903D-6EFC68226AD9}.Debug|x86.Build.0 = Debug|Any CPU
		{8B0EF8F9-5E44-4AC2-903D-6EFC68226AD9}.Release|Any CPU.ActiveCfg = Release|Any CPU
		{8B0EF8F9-5E44-4AC2-903D-6EFC68226AD9}.Release|Any CPU.Build.0 = Release|Any CPU
		{8B0EF8F9-5E44-4AC2-903D-6EFC68226AD9}.Release|x64.ActiveCfg = Release|Any CPU
		{8B0EF8F9-5E44-4AC2-903D-6EFC68226AD9}.Release|x64.Build.0 = Release|Any CPU
		{8B0EF8F9-5E44-4AC2-903D-6EFC68226AD9}.Release|x86.ActiveCfg = Release|Any CPU
		{8B0EF8F9-5E44-4AC2-903D-6EFC68226AD9}.Release|x86.Build.0 = Release|Any CPU
		{0DDADCC0-5664-4CA3-B783-7A36310B29C0}.Debug|Any CPU.ActiveCfg = Debug|Any CPU
		{0DDADCC0-5664-4CA3-B783-7A36310B29C0}.Debug|Any CPU.Build.0 = Debug|Any CPU
		{0DDADCC0-5664-4CA3-B783-7A36310B29C0}.Debug|x64.ActiveCfg = Debug|Any CPU
		{0DDADCC0-5664-4CA3-B783-7A36310B29C0}.Debug|x64.Build.0 = Debug|Any CPU
		{0DDADCC0-5664-4CA3-B783-7A36310B29C0}.Debug|x86.ActiveCfg = Debug|Any CPU
		{0DDADCC0-5664-4CA3-B783-7A36310B29C0}.Debug|x86.Build.0 = Debug|Any CPU
		{0DDADCC0-5664-4CA3-B783-7A36310B29C0}.Release|Any CPU.ActiveCfg = Release|Any CPU
		{0DDADCC0-5664-4CA3-B783-7A36310B29C0}.Release|Any CPU.Build.0 = Release|Any CPU
		{0DDADCC0-5664-4CA3-B783-7A36310B29C0}.Release|x64.ActiveCfg = Release|Any CPU
		{0DDADCC0-5664-4CA3-B783-7A36310B29C0}.Release|x64.Build.0 = Release|Any CPU
		{0DDADCC0-5664-4CA3-B783-7A36310B29C0}.Release|x86.ActiveCfg = Release|Any CPU
		{0DDADCC0-5664-4CA3-B783-7A36310B29C0}.Release|x86.Build.0 = Release|Any CPU
		{0B0B0121-CBE8-4F29-993A-260101546E7D}.Debug|Any CPU.ActiveCfg = Debug|Any CPU
		{0B0B0121-CBE8-4F29-993A-260101546E7D}.Debug|Any CPU.Build.0 = Debug|Any CPU
		{0B0B0121-CBE8-4F29-993A-260101546E7D}.Debug|x64.ActiveCfg = Debug|Any CPU
		{0B0B0121-CBE8-4F29-993A-260101546E7D}.Debug|x64.Build.0 = Debug|Any CPU
		{0B0B0121-CBE8-4F29-993A-260101546E7D}.Debug|x86.ActiveCfg = Debug|Any CPU
		{0B0B0121-CBE8-4F29-993A-260101546E7D}.Debug|x86.Build.0 = Debug|Any CPU
		{0B0B0121-CBE8-4F29-993A-260101546E7D}.Release|Any CPU.ActiveCfg = Release|Any CPU
		{0B0B0121-CBE8-4F29-993A-260101546E7D}.Release|Any CPU.Build.0 = Release|Any CPU
		{0B0B0121-CBE8-4F29-993A-260101546E7D}.Release|x64.ActiveCfg = Release|Any CPU
		{0B0B0121-CBE8-4F29-993A-260101546E7D}.Release|x64.Build.0 = Release|Any CPU
		{0B0B0121-CBE8-4F29-993A-260101546E7D}.Release|x86.ActiveCfg = Release|Any CPU
		{0B0B0121-CBE8-4F29-993A-260101546E7D}.Release|x86.Build.0 = Release|Any CPU
		{4A1FA238-2D08-4ADC-B2F1-427AF81C57BD}.Debug|Any CPU.ActiveCfg = Debug|Any CPU
		{4A1FA238-2D08-4ADC-B2F1-427AF81C57BD}.Debug|Any CPU.Build.0 = Debug|Any CPU
		{4A1FA238-2D08-4ADC-B2F1-427AF81C57BD}.Debug|x64.ActiveCfg = Debug|Any CPU
		{4A1FA238-2D08-4ADC-B2F1-427AF81C57BD}.Debug|x64.Build.0 = Debug|Any CPU
		{4A1FA238-2D08-4ADC-B2F1-427AF81C57BD}.Debug|x86.ActiveCfg = Debug|Any CPU
		{4A1FA238-2D08-4ADC-B2F1-427AF81C57BD}.Debug|x86.Build.0 = Debug|Any CPU
		{4A1FA238-2D08-4ADC-B2F1-427AF81C57BD}.Release|Any CPU.ActiveCfg = Release|Any CPU
		{4A1FA238-2D08-4ADC-B2F1-427AF81C57BD}.Release|Any CPU.Build.0 = Release|Any CPU
		{4A1FA238-2D08-4ADC-B2F1-427AF81C57BD}.Release|x64.ActiveCfg = Release|Any CPU
		{4A1FA238-2D08-4ADC-B2F1-427AF81C57BD}.Release|x64.Build.0 = Release|Any CPU
		{4A1FA238-2D08-4ADC-B2F1-427AF81C57BD}.Release|x86.ActiveCfg = Release|Any CPU
		{4A1FA238-2D08-4ADC-B2F1-427AF81C57BD}.Release|x86.Build.0 = Release|Any CPU
		{E96B9303-0516-4295-87AF-EBE4CD0E41EC}.Debug|Any CPU.ActiveCfg = Debug|Any CPU
		{E96B9303-0516-4295-87AF-EBE4CD0E41EC}.Debug|Any CPU.Build.0 = Debug|Any CPU
		{E96B9303-0516-4295-87AF-EBE4CD0E41EC}.Debug|x64.ActiveCfg = Debug|Any CPU
		{E96B9303-0516-4295-87AF-EBE4CD0E41EC}.Debug|x64.Build.0 = Debug|Any CPU
		{E96B9303-0516-4295-87AF-EBE4CD0E41EC}.Debug|x86.ActiveCfg = Debug|Any CPU
		{E96B9303-0516-4295-87AF-EBE4CD0E41EC}.Debug|x86.Build.0 = Debug|Any CPU
		{E96B9303-0516-4295-87AF-EBE4CD0E41EC}.Release|Any CPU.ActiveCfg = Release|Any CPU
		{E96B9303-0516-4295-87AF-EBE4CD0E41EC}.Release|Any CPU.Build.0 = Release|Any CPU
		{E96B9303-0516-4295-87AF-EBE4CD0E41EC}.Release|x64.ActiveCfg = Release|Any CPU
		{E96B9303-0516-4295-87AF-EBE4CD0E41EC}.Release|x64.Build.0 = Release|Any CPU
		{E96B9303-0516-4295-87AF-EBE4CD0E41EC}.Release|x86.ActiveCfg = Release|Any CPU
		{E96B9303-0516-4295-87AF-EBE4CD0E41EC}.Release|x86.Build.0 = Release|Any CPU
		{927FD119-8E64-45E8-A4E1-1A3D963E5533}.Debug|Any CPU.ActiveCfg = Debug|Any CPU
		{927FD119-8E64-45E8-A4E1-1A3D963E5533}.Debug|Any CPU.Build.0 = Debug|Any CPU
		{927FD119-8E64-45E8-A4E1-1A3D963E5533}.Debug|x64.ActiveCfg = Debug|Any CPU
		{927FD119-8E64-45E8-A4E1-1A3D963E5533}.Debug|x64.Build.0 = Debug|Any CPU
		{927FD119-8E64-45E8-A4E1-1A3D963E5533}.Debug|x86.ActiveCfg = Debug|Any CPU
		{927FD119-8E64-45E8-A4E1-1A3D963E5533}.Debug|x86.Build.0 = Debug|Any CPU
		{927FD119-8E64-45E8-A4E1-1A3D963E5533}.Release|Any CPU.ActiveCfg = Release|Any CPU
		{927FD119-8E64-45E8-A4E1-1A3D963E5533}.Release|Any CPU.Build.0 = Release|Any CPU
		{927FD119-8E64-45E8-A4E1-1A3D963E5533}.Release|x64.ActiveCfg = Release|Any CPU
		{927FD119-8E64-45E8-A4E1-1A3D963E5533}.Release|x64.Build.0 = Release|Any CPU
		{927FD119-8E64-45E8-A4E1-1A3D963E5533}.Release|x86.ActiveCfg = Release|Any CPU
		{927FD119-8E64-45E8-A4E1-1A3D963E5533}.Release|x86.Build.0 = Release|Any CPU
		{1A2944B0-C115-4084-881E-F3B16C254B34}.Debug|Any CPU.ActiveCfg = Debug|Any CPU
		{1A2944B0-C115-4084-881E-F3B16C254B34}.Debug|Any CPU.Build.0 = Debug|Any CPU
		{1A2944B0-C115-4084-881E-F3B16C254B34}.Debug|x64.ActiveCfg = Debug|Any CPU
		{1A2944B0-C115-4084-881E-F3B16C254B34}.Debug|x64.Build.0 = Debug|Any CPU
		{1A2944B0-C115-4084-881E-F3B16C254B34}.Debug|x86.ActiveCfg = Debug|Any CPU
		{1A2944B0-C115-4084-881E-F3B16C254B34}.Debug|x86.Build.0 = Debug|Any CPU
		{1A2944B0-C115-4084-881E-F3B16C254B34}.Release|Any CPU.ActiveCfg = Release|Any CPU
		{1A2944B0-C115-4084-881E-F3B16C254B34}.Release|Any CPU.Build.0 = Release|Any CPU
		{1A2944B0-C115-4084-881E-F3B16C254B34}.Release|x64.ActiveCfg = Release|Any CPU
		{1A2944B0-C115-4084-881E-F3B16C254B34}.Release|x64.Build.0 = Release|Any CPU
		{1A2944B0-C115-4084-881E-F3B16C254B34}.Release|x86.ActiveCfg = Release|Any CPU
		{1A2944B0-C115-4084-881E-F3B16C254B34}.Release|x86.Build.0 = Release|Any CPU
		{830BBF02-8082-46E0-890D-819959657504}.Debug|Any CPU.ActiveCfg = Debug|Any CPU
		{830BBF02-8082-46E0-890D-819959657504}.Debug|Any CPU.Build.0 = Debug|Any CPU
		{830BBF02-8082-46E0-890D-819959657504}.Debug|x64.ActiveCfg = Debug|Any CPU
		{830BBF02-8082-46E0-890D-819959657504}.Debug|x64.Build.0 = Debug|Any CPU
		{830BBF02-8082-46E0-890D-819959657504}.Debug|x86.ActiveCfg = Debug|Any CPU
		{830BBF02-8082-46E0-890D-819959657504}.Debug|x86.Build.0 = Debug|Any CPU
		{830BBF02-8082-46E0-890D-819959657504}.Release|Any CPU.ActiveCfg = Release|Any CPU
		{830BBF02-8082-46E0-890D-819959657504}.Release|Any CPU.Build.0 = Release|Any CPU
		{830BBF02-8082-46E0-890D-819959657504}.Release|x64.ActiveCfg = Release|Any CPU
		{830BBF02-8082-46E0-890D-819959657504}.Release|x64.Build.0 = Release|Any CPU
		{830BBF02-8082-46E0-890D-819959657504}.Release|x86.ActiveCfg = Release|Any CPU
		{830BBF02-8082-46E0-890D-819959657504}.Release|x86.Build.0 = Release|Any CPU
		{8BD59E33-CD82-49AB-8099-49A765957E86}.Debug|Any CPU.ActiveCfg = Debug|Any CPU
		{8BD59E33-CD82-49AB-8099-49A765957E86}.Debug|Any CPU.Build.0 = Debug|Any CPU
		{8BD59E33-CD82-49AB-8099-49A765957E86}.Debug|x64.ActiveCfg = Debug|Any CPU
		{8BD59E33-CD82-49AB-8099-49A765957E86}.Debug|x64.Build.0 = Debug|Any CPU
		{8BD59E33-CD82-49AB-8099-49A765957E86}.Debug|x86.ActiveCfg = Debug|Any CPU
		{8BD59E33-CD82-49AB-8099-49A765957E86}.Debug|x86.Build.0 = Debug|Any CPU
		{8BD59E33-CD82-49AB-8099-49A765957E86}.Release|Any CPU.ActiveCfg = Release|Any CPU
		{8BD59E33-CD82-49AB-8099-49A765957E86}.Release|Any CPU.Build.0 = Release|Any CPU
		{8BD59E33-CD82-49AB-8099-49A765957E86}.Release|x64.ActiveCfg = Release|Any CPU
		{8BD59E33-CD82-49AB-8099-49A765957E86}.Release|x64.Build.0 = Release|Any CPU
		{8BD59E33-CD82-49AB-8099-49A765957E86}.Release|x86.ActiveCfg = Release|Any CPU
		{8BD59E33-CD82-49AB-8099-49A765957E86}.Release|x86.Build.0 = Release|Any CPU
		{D3E244D9-74EB-4795-8ABF-5556A60AAF34}.Debug|Any CPU.ActiveCfg = Debug|Any CPU
		{D3E244D9-74EB-4795-8ABF-5556A60AAF34}.Debug|Any CPU.Build.0 = Debug|Any CPU
		{D3E244D9-74EB-4795-8ABF-5556A60AAF34}.Debug|x64.ActiveCfg = Debug|Any CPU
		{D3E244D9-74EB-4795-8ABF-5556A60AAF34}.Debug|x64.Build.0 = Debug|Any CPU
		{D3E244D9-74EB-4795-8ABF-5556A60AAF34}.Debug|x86.ActiveCfg = Debug|Any CPU
		{D3E244D9-74EB-4795-8ABF-5556A60AAF34}.Debug|x86.Build.0 = Debug|Any CPU
		{D3E244D9-74EB-4795-8ABF-5556A60AAF34}.Release|Any CPU.ActiveCfg = Release|Any CPU
		{D3E244D9-74EB-4795-8ABF-5556A60AAF34}.Release|Any CPU.Build.0 = Release|Any CPU
		{D3E244D9-74EB-4795-8ABF-5556A60AAF34}.Release|x64.ActiveCfg = Release|Any CPU
		{D3E244D9-74EB-4795-8ABF-5556A60AAF34}.Release|x64.Build.0 = Release|Any CPU
		{D3E244D9-74EB-4795-8ABF-5556A60AAF34}.Release|x86.ActiveCfg = Release|Any CPU
		{D3E244D9-74EB-4795-8ABF-5556A60AAF34}.Release|x86.Build.0 = Release|Any CPU
		{921144AA-4888-4260-8A3C-EEE68E2FC757}.Debug|Any CPU.ActiveCfg = Debug|Any CPU
		{921144AA-4888-4260-8A3C-EEE68E2FC757}.Debug|Any CPU.Build.0 = Debug|Any CPU
		{921144AA-4888-4260-8A3C-EEE68E2FC757}.Debug|x64.ActiveCfg = Debug|Any CPU
		{921144AA-4888-4260-8A3C-EEE68E2FC757}.Debug|x64.Build.0 = Debug|Any CPU
		{921144AA-4888-4260-8A3C-EEE68E2FC757}.Debug|x86.ActiveCfg = Debug|Any CPU
		{921144AA-4888-4260-8A3C-EEE68E2FC757}.Debug|x86.Build.0 = Debug|Any CPU
		{921144AA-4888-4260-8A3C-EEE68E2FC757}.Release|Any CPU.ActiveCfg = Release|Any CPU
		{921144AA-4888-4260-8A3C-EEE68E2FC757}.Release|Any CPU.Build.0 = Release|Any CPU
		{921144AA-4888-4260-8A3C-EEE68E2FC757}.Release|x64.ActiveCfg = Release|Any CPU
		{921144AA-4888-4260-8A3C-EEE68E2FC757}.Release|x64.Build.0 = Release|Any CPU
		{921144AA-4888-4260-8A3C-EEE68E2FC757}.Release|x86.ActiveCfg = Release|Any CPU
		{921144AA-4888-4260-8A3C-EEE68E2FC757}.Release|x86.Build.0 = Release|Any CPU
		{05D8899C-D5FD-4155-914F-3744F5A21AD5}.Debug|Any CPU.ActiveCfg = Debug|Any CPU
		{05D8899C-D5FD-4155-914F-3744F5A21AD5}.Debug|Any CPU.Build.0 = Debug|Any CPU
		{05D8899C-D5FD-4155-914F-3744F5A21AD5}.Debug|x64.ActiveCfg = Debug|Any CPU
		{05D8899C-D5FD-4155-914F-3744F5A21AD5}.Debug|x64.Build.0 = Debug|Any CPU
		{05D8899C-D5FD-4155-914F-3744F5A21AD5}.Debug|x86.ActiveCfg = Debug|Any CPU
		{05D8899C-D5FD-4155-914F-3744F5A21AD5}.Debug|x86.Build.0 = Debug|Any CPU
		{05D8899C-D5FD-4155-914F-3744F5A21AD5}.Release|Any CPU.ActiveCfg = Release|Any CPU
		{05D8899C-D5FD-4155-914F-3744F5A21AD5}.Release|Any CPU.Build.0 = Release|Any CPU
		{05D8899C-D5FD-4155-914F-3744F5A21AD5}.Release|x64.ActiveCfg = Release|Any CPU
		{05D8899C-D5FD-4155-914F-3744F5A21AD5}.Release|x64.Build.0 = Release|Any CPU
		{05D8899C-D5FD-4155-914F-3744F5A21AD5}.Release|x86.ActiveCfg = Release|Any CPU
		{05D8899C-D5FD-4155-914F-3744F5A21AD5}.Release|x86.Build.0 = Release|Any CPU
		{33CDA81D-288B-4182-B39C-BBF2D3A0EF51}.Debug|Any CPU.ActiveCfg = Debug|Any CPU
		{33CDA81D-288B-4182-B39C-BBF2D3A0EF51}.Debug|Any CPU.Build.0 = Debug|Any CPU
		{33CDA81D-288B-4182-B39C-BBF2D3A0EF51}.Debug|x64.ActiveCfg = Debug|Any CPU
		{33CDA81D-288B-4182-B39C-BBF2D3A0EF51}.Debug|x64.Build.0 = Debug|Any CPU
		{33CDA81D-288B-4182-B39C-BBF2D3A0EF51}.Debug|x86.ActiveCfg = Debug|Any CPU
		{33CDA81D-288B-4182-B39C-BBF2D3A0EF51}.Debug|x86.Build.0 = Debug|Any CPU
		{33CDA81D-288B-4182-B39C-BBF2D3A0EF51}.Release|Any CPU.ActiveCfg = Release|Any CPU
		{33CDA81D-288B-4182-B39C-BBF2D3A0EF51}.Release|Any CPU.Build.0 = Release|Any CPU
		{33CDA81D-288B-4182-B39C-BBF2D3A0EF51}.Release|x64.ActiveCfg = Release|Any CPU
		{33CDA81D-288B-4182-B39C-BBF2D3A0EF51}.Release|x64.Build.0 = Release|Any CPU
		{33CDA81D-288B-4182-B39C-BBF2D3A0EF51}.Release|x86.ActiveCfg = Release|Any CPU
		{33CDA81D-288B-4182-B39C-BBF2D3A0EF51}.Release|x86.Build.0 = Release|Any CPU
		{052EA4B5-162C-4B87-9B52-C155D7AF329F}.Debug|Any CPU.ActiveCfg = Debug|Any CPU
		{052EA4B5-162C-4B87-9B52-C155D7AF329F}.Debug|Any CPU.Build.0 = Debug|Any CPU
		{052EA4B5-162C-4B87-9B52-C155D7AF329F}.Debug|x64.ActiveCfg = Debug|Any CPU
		{052EA4B5-162C-4B87-9B52-C155D7AF329F}.Debug|x64.Build.0 = Debug|Any CPU
		{052EA4B5-162C-4B87-9B52-C155D7AF329F}.Debug|x86.ActiveCfg = Debug|Any CPU
		{052EA4B5-162C-4B87-9B52-C155D7AF329F}.Debug|x86.Build.0 = Debug|Any CPU
		{052EA4B5-162C-4B87-9B52-C155D7AF329F}.Release|Any CPU.ActiveCfg = Release|Any CPU
		{052EA4B5-162C-4B87-9B52-C155D7AF329F}.Release|Any CPU.Build.0 = Release|Any CPU
		{052EA4B5-162C-4B87-9B52-C155D7AF329F}.Release|x64.ActiveCfg = Release|Any CPU
		{052EA4B5-162C-4B87-9B52-C155D7AF329F}.Release|x64.Build.0 = Release|Any CPU
		{052EA4B5-162C-4B87-9B52-C155D7AF329F}.Release|x86.ActiveCfg = Release|Any CPU
		{052EA4B5-162C-4B87-9B52-C155D7AF329F}.Release|x86.Build.0 = Release|Any CPU
		{88A74484-C884-452F-A9E1-AB1B73BD700B}.Debug|Any CPU.ActiveCfg = Debug|Any CPU
		{88A74484-C884-452F-A9E1-AB1B73BD700B}.Debug|Any CPU.Build.0 = Debug|Any CPU
		{88A74484-C884-452F-A9E1-AB1B73BD700B}.Debug|x64.ActiveCfg = Debug|Any CPU
		{88A74484-C884-452F-A9E1-AB1B73BD700B}.Debug|x64.Build.0 = Debug|Any CPU
		{88A74484-C884-452F-A9E1-AB1B73BD700B}.Debug|x86.ActiveCfg = Debug|Any CPU
		{88A74484-C884-452F-A9E1-AB1B73BD700B}.Debug|x86.Build.0 = Debug|Any CPU
		{88A74484-C884-452F-A9E1-AB1B73BD700B}.Release|Any CPU.ActiveCfg = Release|Any CPU
		{88A74484-C884-452F-A9E1-AB1B73BD700B}.Release|Any CPU.Build.0 = Release|Any CPU
		{88A74484-C884-452F-A9E1-AB1B73BD700B}.Release|x64.ActiveCfg = Release|Any CPU
		{88A74484-C884-452F-A9E1-AB1B73BD700B}.Release|x64.Build.0 = Release|Any CPU
		{88A74484-C884-452F-A9E1-AB1B73BD700B}.Release|x86.ActiveCfg = Release|Any CPU
		{88A74484-C884-452F-A9E1-AB1B73BD700B}.Release|x86.Build.0 = Release|Any CPU
		{8E423A83-5543-4B90-8E53-B3C787C3B542}.Debug|Any CPU.ActiveCfg = Debug|Any CPU
		{8E423A83-5543-4B90-8E53-B3C787C3B542}.Debug|Any CPU.Build.0 = Debug|Any CPU
		{8E423A83-5543-4B90-8E53-B3C787C3B542}.Debug|x64.ActiveCfg = Debug|Any CPU
		{8E423A83-5543-4B90-8E53-B3C787C3B542}.Debug|x64.Build.0 = Debug|Any CPU
		{8E423A83-5543-4B90-8E53-B3C787C3B542}.Debug|x86.ActiveCfg = Debug|Any CPU
		{8E423A83-5543-4B90-8E53-B3C787C3B542}.Debug|x86.Build.0 = Debug|Any CPU
		{8E423A83-5543-4B90-8E53-B3C787C3B542}.Release|Any CPU.ActiveCfg = Release|Any CPU
		{8E423A83-5543-4B90-8E53-B3C787C3B542}.Release|Any CPU.Build.0 = Release|Any CPU
		{8E423A83-5543-4B90-8E53-B3C787C3B542}.Release|x64.ActiveCfg = Release|Any CPU
		{8E423A83-5543-4B90-8E53-B3C787C3B542}.Release|x64.Build.0 = Release|Any CPU
		{8E423A83-5543-4B90-8E53-B3C787C3B542}.Release|x86.ActiveCfg = Release|Any CPU
		{8E423A83-5543-4B90-8E53-B3C787C3B542}.Release|x86.Build.0 = Release|Any CPU
		{428E982A-E865-463B-9278-1CBC12045733}.Debug|Any CPU.ActiveCfg = Debug|Any CPU
		{428E982A-E865-463B-9278-1CBC12045733}.Debug|Any CPU.Build.0 = Debug|Any CPU
		{428E982A-E865-463B-9278-1CBC12045733}.Debug|x64.ActiveCfg = Debug|Any CPU
		{428E982A-E865-463B-9278-1CBC12045733}.Debug|x64.Build.0 = Debug|Any CPU
		{428E982A-E865-463B-9278-1CBC12045733}.Debug|x86.ActiveCfg = Debug|Any CPU
		{428E982A-E865-463B-9278-1CBC12045733}.Debug|x86.Build.0 = Debug|Any CPU
		{428E982A-E865-463B-9278-1CBC12045733}.Release|Any CPU.ActiveCfg = Release|Any CPU
		{428E982A-E865-463B-9278-1CBC12045733}.Release|Any CPU.Build.0 = Release|Any CPU
		{428E982A-E865-463B-9278-1CBC12045733}.Release|x64.ActiveCfg = Release|Any CPU
		{428E982A-E865-463B-9278-1CBC12045733}.Release|x64.Build.0 = Release|Any CPU
		{428E982A-E865-463B-9278-1CBC12045733}.Release|x86.ActiveCfg = Release|Any CPU
		{428E982A-E865-463B-9278-1CBC12045733}.Release|x86.Build.0 = Release|Any CPU
		{5D5C529F-CAE5-4A13-A9AE-A7E182DBDB5B}.Debug|Any CPU.ActiveCfg = Debug|Any CPU
		{5D5C529F-CAE5-4A13-A9AE-A7E182DBDB5B}.Debug|Any CPU.Build.0 = Debug|Any CPU
		{5D5C529F-CAE5-4A13-A9AE-A7E182DBDB5B}.Debug|x64.ActiveCfg = Debug|Any CPU
		{5D5C529F-CAE5-4A13-A9AE-A7E182DBDB5B}.Debug|x64.Build.0 = Debug|Any CPU
		{5D5C529F-CAE5-4A13-A9AE-A7E182DBDB5B}.Debug|x86.ActiveCfg = Debug|Any CPU
		{5D5C529F-CAE5-4A13-A9AE-A7E182DBDB5B}.Debug|x86.Build.0 = Debug|Any CPU
		{5D5C529F-CAE5-4A13-A9AE-A7E182DBDB5B}.Release|Any CPU.ActiveCfg = Release|Any CPU
		{5D5C529F-CAE5-4A13-A9AE-A7E182DBDB5B}.Release|Any CPU.Build.0 = Release|Any CPU
		{5D5C529F-CAE5-4A13-A9AE-A7E182DBDB5B}.Release|x64.ActiveCfg = Release|Any CPU
		{5D5C529F-CAE5-4A13-A9AE-A7E182DBDB5B}.Release|x64.Build.0 = Release|Any CPU
		{5D5C529F-CAE5-4A13-A9AE-A7E182DBDB5B}.Release|x86.ActiveCfg = Release|Any CPU
		{5D5C529F-CAE5-4A13-A9AE-A7E182DBDB5B}.Release|x86.Build.0 = Release|Any CPU
		{30E3CECC-E978-4C94-8F84-C53E2A3BBEAA}.Debug|Any CPU.ActiveCfg = Debug|Any CPU
		{30E3CECC-E978-4C94-8F84-C53E2A3BBEAA}.Debug|Any CPU.Build.0 = Debug|Any CPU
		{30E3CECC-E978-4C94-8F84-C53E2A3BBEAA}.Debug|x64.ActiveCfg = Debug|Any CPU
		{30E3CECC-E978-4C94-8F84-C53E2A3BBEAA}.Debug|x64.Build.0 = Debug|Any CPU
		{30E3CECC-E978-4C94-8F84-C53E2A3BBEAA}.Debug|x86.ActiveCfg = Debug|Any CPU
		{30E3CECC-E978-4C94-8F84-C53E2A3BBEAA}.Debug|x86.Build.0 = Debug|Any CPU
		{30E3CECC-E978-4C94-8F84-C53E2A3BBEAA}.Release|Any CPU.ActiveCfg = Release|Any CPU
		{30E3CECC-E978-4C94-8F84-C53E2A3BBEAA}.Release|Any CPU.Build.0 = Release|Any CPU
		{30E3CECC-E978-4C94-8F84-C53E2A3BBEAA}.Release|x64.ActiveCfg = Release|Any CPU
		{30E3CECC-E978-4C94-8F84-C53E2A3BBEAA}.Release|x64.Build.0 = Release|Any CPU
		{30E3CECC-E978-4C94-8F84-C53E2A3BBEAA}.Release|x86.ActiveCfg = Release|Any CPU
		{30E3CECC-E978-4C94-8F84-C53E2A3BBEAA}.Release|x86.Build.0 = Release|Any CPU
	EndGlobalSection
	GlobalSection(SolutionProperties) = preSolution
		HideSolutionNode = FALSE
	EndGlobalSection
	GlobalSection(ExtensibilityGlobals) = postSolution
		SolutionGuid = {22076225-4978-4189-83CE-767E5859B297}
	EndGlobalSection
	GlobalSection(TeamFoundationVersionControl) = preSolution
		SccNumberOfProjects = 5
		SccEnterpriseProvider = {4CA58AB2-18FA-4F8D-95D4-32DDF27D184C}
		SccTeamFoundationServer = http://10.3.0.4:8080/tfs/apc_mes_team
		SccProjectUniqueName0 = ..\\SJeMES_Framework\\SJeMES_Framework.csproj
		SccProjectName0 = ../SJeMES_Framework
		SccAuxPath0 = http://10.3.0.4:8080/tfs/apc_mes_team
		SccLocalPath0 = ..\\SJeMES_Framework
		SccProvider0 = {4CA58AB2-18FA-4F8D-95D4-32DDF27D184C}
		SccProjectUniqueName1 = ..\\SJeMES\\SJeMES.csproj
		SccProjectName1 = ../SJeMES
		SccAuxPath1 = http://10.3.0.4:8080/tfs/apc_mes_team
		SccLocalPath1 = ..\\SJeMES
		SccProvider1 = {4CA58AB2-18FA-4F8D-95D4-32DDF27D184C}
		SccProjectUniqueName2 = ..\\GDSJ_Framework\\GDSJ_Framework.csproj
		SccProjectName2 = ../GDSJ_Framework
		SccAuxPath2 = http://10.3.0.4:8080/tfs/apc_mes_team
		SccLocalPath2 = ..\\GDSJ_Framework
		SccProvider2 = {4CA58AB2-18FA-4F8D-95D4-32DDF27D184C}
		SccProjectUniqueName3 = ..\\SJeMES_Control_Library\\SJeMES_Control_Library.csproj
		SccProjectName3 = ../SJeMES_Control_Library
		SccAuxPath3 = http://10.3.0.4:8080/tfs/apc_mes_team
		SccLocalPath3 = ..\\SJeMES_Control_Library
		SccProvider3 = {4CA58AB2-18FA-4F8D-95D4-32DDF27D184C}
		SccProjectUniqueName4 = ..\\KaizenForm\\KaizenForm.csproj
		SccProjectName4 = ../KaizenForm
		SccAuxPath4 = http://10.3.0.4:8080/tfs/apc_mes_team
		SccLocalPath4 = ..\\KaizenForm
		SccProvider4 = {4CA58AB2-18FA-4F8D-95D4-32DDF27D184C}
	EndGlobalSection
EndGlobal
