
Microsoft Visual Studio Solution File, Format Version 12.00
# Visual Studio Version 16
VisualStudioVersion = 16.0.28803.452
MinimumVisualStudioVersion = 10.0.40219.1
Project("{FAE04EC0-301F-11D3-BF4B-00C04F79EFBC}") = "REPAIRS_DATA", "KPIINPUT\REPAIRS_DATA.csproj", "{8A571F31-1512-4845-AB97-C176C7714877}"
EndProject
Global
	GlobalSection(SolutionConfigurationPlatforms) = preSolution
		Debug|Any CPU = Debug|Any CPU
		Release|Any CPU = Release|Any CPU
	EndGlobalSection
	GlobalSection(ProjectConfigurationPlatforms) = postSolution
		{8A571F31-1512-4845-AB97-C176C7714877}.Debug|Any CPU.ActiveCfg = Debug|Any CPU
		{8A571F31-1512-4845-AB97-C176C7714877}.Debug|Any CPU.Build.0 = Debug|Any CPU
		{8A571F31-1512-4845-AB97-C176C7714877}.Release|Any CPU.ActiveCfg = Release|Any CPU
		{8A571F31-1512-4845-AB97-C176C7714877}.Release|Any CPU.Build.0 = Release|Any CPU
	EndGlobalSection
	GlobalSection(SolutionProperties) = preSolution
		HideSolutionNode = FALSE
	EndGlobalSection
	GlobalSection(ExtensibilityGlobals) = postSolution
		SolutionGuid = {7616A485-59C5-4667-8D77-3AC7DB3AF724}
	EndGlobalSection
EndGlobal
